{
  "R": {
    "Version": "3.6.3",
    "Repositories": [
      {
        "Name": "CRAN",
        "URL": "https://cran.rstudio.com"
      }
    ]
  },
  "Packages": {
    "BH": {
      "Package": "BH",
      "Version": "1.69.0-1",
      "Source": "Repository",
      "Repository": "CRAN",
      "Hash": "f4605d46264b35f53072fc9ee7ace15f"
    },
    "DBI": {
      "Package": "DBI",
      "Version": "1.0.0",
      "Source": "Repository",
      "Repository": "CRAN",
      "Hash": "7bc8be0e425da29fe0e10f792bdbb74b"
    },
    "ExPosition": {
      "Package": "ExPosition",
      "Version": "2.8.23",
      "Source": "Repository",
      "Repository": "CRAN",
      "Hash": "1043d569b263acf5fb7c9f0acff65158"
    },
    "FactoMineR": {
      "Package": "FactoMineR",
      "Version": "2.3",
      "Source": "Repository",
      "Repository": "CRAN",
      "Hash": "1f47ca5629ef9dc24d5ea1cd2efe4f87"
    },
    "Formula": {
      "Package": "Formula",
      "Version": "1.2-3",
      "Source": "Repository",
      "Repository": "CRAN",
      "Hash": "0537b6f1f38ea1fd514089192724bb6e"
    },
    "Hmisc": {
      "Package": "Hmisc",
      "Version": "4.4-0",
      "Source": "Repository",
      "Repository": "CRAN",
      "Hash": "1016ef46c7ebf841513624ecb22eebc7"
    },
    "InPosition": {
      "Package": "InPosition",
      "Version": "0.12.7.1",
      "Source": "Repository",
      "Repository": "CRAN",
      "Hash": "03d07d8426619b8eb71f32dfe64396bb"
    },
    "KernSmooth": {
      "Package": "KernSmooth",
      "Version": "2.23-16",
      "Source": "Repository",
      "Repository": "CRAN",
      "Hash": "997471f25a7ed6c782f0090ce52cc63a"
    },
    "MASS": {
      "Package": "MASS",
      "Version": "7.3-51.4",
      "Source": "Repository",
      "Repository": "CRAN",
      "Hash": "a94714e63996bc284b8795ec50defc07"
    },
    "Matrix": {
      "Package": "Matrix",
      "Version": "1.2-17",
      "Source": "Repository",
      "Repository": "CRAN",
      "Hash": "39ea11fb3ad0d759f9f1c053fd442957"
    },
    "MatrixModels": {
      "Package": "MatrixModels",
      "Version": "0.4-1",
      "Source": "Repository",
      "Repository": "CRAN",
      "Hash": "d57ac35220b39c591388ab3a080f9cbe"
    },
    "ModelMetrics": {
      "Package": "ModelMetrics",
      "Version": "1.2.2.2",
      "Source": "Repository",
      "Repository": "CRAN",
      "Hash": "40a55bd0b44719941d103291ac5e9d74"
    },
    "MuMIn": {
      "Package": "MuMIn",
      "Version": "1.43.15",
      "Source": "Repository",
      "Repository": "CRAN",
      "Hash": "e1e42efe1ea450b779e836e98df552bf"
    },
    "R6": {
      "Package": "R6",
      "Version": "2.4.1",
      "Source": "Repository",
      "Repository": "CRAN",
      "Hash": "292b54f8f4b94669b08f94e5acce6be2"
    },
    "RColorBrewer": {
      "Package": "RColorBrewer",
      "Version": "1.1-2",
      "Source": "Repository",
      "Repository": "CRAN",
      "Hash": "e031418365a7f7a766181ab5a41a5716"
    },
    "Rcpp": {
      "Package": "Rcpp",
      "Version": "1.0.4.6",
      "Source": "Repository",
      "Repository": "CRAN",
      "Hash": "e652f23d8b1807cc975c51410d05b72f"
    },
    "RcppEigen": {
      "Package": "RcppEigen",
      "Version": "0.3.3.7.0",
      "Source": "Repository",
      "Repository": "CRAN",
      "Hash": "c6faf038ba4346b1de19ad7c99b8f94a"
    },
    "SQUAREM": {
      "Package": "SQUAREM",
      "Version": "2020.4",
      "Source": "Repository",
      "Repository": "CRAN",
      "Hash": "40b96d4302539a1b7c27d14702ab5006"
    },
    "SparseM": {
      "Package": "SparseM",
      "Version": "1.77",
      "Source": "Repository",
      "Repository": "CRAN",
      "Hash": "4bad08e504cd054199ff5658ef341b43"
    },
    "abind": {
      "Package": "abind",
      "Version": "1.4-5",
      "Source": "Repository",
      "Repository": "CRAN",
      "Hash": "4f57884290cc75ab22f4af9e9d4ca862"
    },
    "acepack": {
      "Package": "acepack",
      "Version": "1.4.1",
      "Source": "Repository",
      "Repository": "CRAN",
      "Hash": "9d5038b94a50c7bf26940e2ef7f340c8"
    },
    "askpass": {
      "Package": "askpass",
      "Version": "1.1",
      "Source": "Repository",
      "Repository": "CRAN",
      "Hash": "e8a22846fff485f0be3770c2da758713"
    },
    "assertthat": {
      "Package": "assertthat",
      "Version": "0.2.1",
      "Source": "Repository",
      "Repository": "CRAN",
      "Hash": "50c838a310445e954bc13f26f26a6ecf"
    },
    "backports": {
      "Package": "backports",
      "Version": "1.1.7",
      "Source": "Repository",
      "Repository": "CRAN",
      "Hash": "e9c8188eb82b137301493492d767a1ac"
    },
    "base64enc": {
      "Package": "base64enc",
      "Version": "0.1-3",
      "Source": "Repository",
      "Repository": "CRAN",
      "Hash": "543776ae6848fde2f48ff3816d0628bc"
    },
    "boot": {
      "Package": "boot",
      "Version": "1.3-22",
      "Source": "Repository",
      "Repository": "CRAN",
      "Hash": "f2b2e80b975c6248510bed633c2ec382"
    },
    "brio": {
      "Package": "brio",
      "Version": "1.1.1",
      "Source": "Repository",
      "Repository": "CRAN",
      "Hash": "36758510e65a457efeefa50e1e7f0576"
    },
    "broom": {
      "Package": "broom",
      "Version": "0.5.2",
      "Source": "Repository",
      "Repository": "CRAN",
      "Hash": "065e275fddb15dc398c02dccba7c2922"
    },
    "callr": {
      "Package": "callr",
      "Version": "3.6.0",
      "Source": "Repository",
      "Repository": "CRAN",
      "Hash": "25da2c6fba6a13b5da94e37acdb3f532"
    },
    "candisc": {
      "Package": "candisc",
      "Version": "0.8-3",
      "Source": "Repository",
      "Repository": "CRAN",
      "Hash": "9de931cd90031fa4796d163f59aaeea5"
    },
    "car": {
      "Package": "car",
      "Version": "3.0-5",
      "Source": "Repository",
      "Repository": "CRAN",
      "Hash": "77c0b523738d2da7c51c0bb9526f3aef"
    },
    "carData": {
      "Package": "carData",
      "Version": "3.0-3",
      "Source": "Repository",
      "Repository": "CRAN",
      "Hash": "ce8a71dc9ad09a28bae9b17f9d38e928"
    },
    "caret": {
      "Package": "caret",
      "Version": "6.0-86",
      "Source": "Repository",
      "Repository": "CRAN",
      "Hash": "77b0545e2c16b4e57c8da2d14042b28d"
    },
    "cellranger": {
      "Package": "cellranger",
      "Version": "1.1.0",
      "Source": "Repository",
      "Repository": "CRAN",
      "Hash": "f61dbaec772ccd2e17705c1e872e9e7c"
    },
    "checkmate": {
      "Package": "checkmate",
      "Version": "1.9.4",
      "Source": "Repository",
      "Repository": "CRAN",
      "Hash": "4704086e092041b648573fe97235f7de"
    },
    "class": {
      "Package": "class",
      "Version": "7.3-15",
      "Source": "Repository",
      "Repository": "CRAN",
      "Hash": "4fba6a022803b6c3f30fd023be3fa818"
    },
    "cli": {
      "Package": "cli",
      "Version": "2.4.0",
      "Source": "Repository",
      "Repository": "CRAN",
      "Hash": "be982c9bcbfbe9e59c0225b0ed37d47e"
    },
    "clipr": {
      "Package": "clipr",
      "Version": "0.7.0",
      "Source": "Repository",
      "Repository": "CRAN",
      "Hash": "08cf4045c149a0f0eaf405324c7495bd"
    },
    "cluster": {
      "Package": "cluster",
      "Version": "2.1.0",
      "Source": "Repository",
      "Repository": "CRAN",
      "Hash": "db63a44aab5aadcb6bf2f129751d129a"
    },
    "codetools": {
      "Package": "codetools",
      "Version": "0.2-16",
      "Source": "Repository",
      "Repository": "CRAN",
      "Hash": "89cf4b8207269ccf82fbeb6473fd662b"
    },
    "colorspace": {
      "Package": "colorspace",
      "Version": "1.4-1",
      "Source": "Repository",
      "Repository": "CRAN",
      "Hash": "6b436e95723d1f0e861224dd9b094dfb"
    },
    "corrplot": {
      "Package": "corrplot",
      "Version": "0.84",
      "Source": "Repository",
      "Repository": "CRAN",
      "Hash": "b55c32ae818a84109a51f172290c95f2"
    },
    "cowplot": {
      "Package": "cowplot",
      "Version": "1.0.0",
      "Source": "Repository",
      "Repository": "CRAN",
      "Hash": "82bae0172ae9d4c4f88a440ad01f73bb"
    },
    "crayon": {
      "Package": "crayon",
      "Version": "1.3.4",
      "Source": "Repository",
      "Repository": "CRAN",
      "Hash": "0d57bc8e27b7ba9e45dba825ebc0de6b"
    },
    "curl": {
      "Package": "curl",
      "Version": "4.2",
      "Source": "Repository",
      "Repository": "CRAN",
      "Hash": "ec0bde6776afca14b9ec1e3e0735a846"
    },
    "data.table": {
      "Package": "data.table",
      "Version": "1.12.6",
      "Source": "Repository",
      "Repository": "CRAN",
      "Hash": "0b9e358c2aec426ac00f3aee7db51858"
    },
    "dbplyr": {
      "Package": "dbplyr",
      "Version": "1.4.2",
      "Source": "Repository",
      "Repository": "CRAN",
      "Hash": "022c8630abecb00f22740d021ab89595"
    },
    "dendextend": {
      "Package": "dendextend",
      "Version": "1.13.4",
      "Source": "Repository",
      "Repository": "CRAN",
      "Hash": "842396bdc603ee4a40d8039b5540f2e6"
    },
    "desc": {
      "Package": "desc",
      "Version": "1.3.0",
      "Source": "Repository",
      "Repository": "CRAN",
      "Hash": "b6963166f7f10b970af1006c462ce6cd"
    },
    "diffobj": {
      "Package": "diffobj",
      "Version": "0.3.4",
      "Source": "Repository",
      "Repository": "CRAN",
      "Hash": "feb5b7455eba422a2c110bb89852e6a3"
    },
    "digest": {
      "Package": "digest",
      "Version": "0.6.25",
      "Source": "Repository",
      "Repository": "CRAN",
      "Hash": "f697db7d92b7028c4b3436e9603fb636"
    },
    "doParallel": {
      "Package": "doParallel",
      "Version": "1.0.16",
      "Source": "Repository",
      "Repository": "CRAN",
      "Hash": "2dc413572eb42475179bfe0afabd2adf"
    },
    "dotCall64": {
      "Package": "dotCall64",
      "Version": "1.0-0",
      "Source": "Repository",
      "Repository": "CRAN",
      "Hash": "ff2d17af3ab74328428e9eb7ada7255d"
    },
    "dplyr": {
      "Package": "dplyr",
      "Version": "0.8.3",
      "Source": "Repository",
      "Repository": "CRAN",
      "Hash": "c426258a806b7e69613432b197b9954d"
    },
    "ellipse": {
      "Package": "ellipse",
      "Version": "0.4.1",
      "Source": "Repository",
      "Repository": "CRAN",
      "Hash": "6a8210d1c9a46da8aa92b976222a7b26"
    },
    "ellipsis": {
      "Package": "ellipsis",
      "Version": "0.3.1",
      "Source": "Repository",
      "Repository": "CRAN",
      "Hash": "fd2844b3a43ae2d27e70ece2df1b4e2a"
    },
    "emmeans": {
      "Package": "emmeans",
      "Version": "1.5.1",
      "Source": "Repository",
      "Repository": "CRAN",
      "Hash": "f2562d182b89a501137c102099504181"
    },
    "estimability": {
      "Package": "estimability",
      "Version": "1.3",
      "Source": "Repository",
      "Repository": "CRAN",
      "Hash": "05901bd61be60fd3bfc5b7d7c3517d1d"
    },
    "evaluate": {
      "Package": "evaluate",
      "Version": "0.14",
      "Source": "Repository",
      "Repository": "CRAN",
      "Hash": "ec8ca05cffcc70569eaaad8469d2a3a7"
    },
    "factoextra": {
      "Package": "factoextra",
      "Version": "1.0.6",
      "Source": "Repository",
      "Repository": "CRAN",
      "Hash": "1f45d13c2191d9a7f517e809da93628b"
    },
    "fansi": {
      "Package": "fansi",
      "Version": "0.4.1",
      "Source": "Repository",
      "Repository": "CRAN",
      "Hash": "7fce217eaaf8016e72065e85c73027b5"
    },
    "farver": {
      "Package": "farver",
      "Version": "2.0.3",
      "Source": "Repository",
      "Repository": "CRAN",
      "Hash": "dad6793a5a1f73c8e91f1a1e3e834b05"
    },
    "fields": {
      "Package": "fields",
      "Version": "10.3",
      "Source": "Repository",
      "Repository": "CRAN",
      "Hash": "30bd08fe4cf31558f3d8914694cd8065"
    },
    "flashClust": {
      "Package": "flashClust",
      "Version": "1.01-2",
      "Source": "Repository",
      "Repository": "CRAN",
      "Hash": "09fb526c49460c4933bc077db6eba924"
    },
    "forcats": {
      "Package": "forcats",
      "Version": "0.4.0",
      "Source": "Repository",
      "Repository": "CRAN",
      "Hash": "c6a8cdc67d337ac3df901b0ea73b8cec"
    },
    "foreach": {
      "Package": "foreach",
      "Version": "1.5.0",
      "Source": "Repository",
      "Repository": "CRAN",
      "Hash": "8fb3ff01ee7d85893f56df8d77213381"
    },
    "foreign": {
      "Package": "foreign",
      "Version": "0.8-71",
      "Source": "Repository",
      "Repository": "CRAN",
      "Hash": "cf285837c1587867535424bb608bc1bf"
    },
    "fs": {
      "Package": "fs",
      "Version": "1.5.0",
      "Source": "Repository",
      "Repository": "CRAN",
      "Hash": "44594a07a42e5f91fac9f93fda6d0109"
    },
    "generics": {
      "Package": "generics",
      "Version": "0.0.2",
      "Source": "Repository",
      "Repository": "CRAN",
      "Hash": "b8cff1d1391fd1ad8b65877f4c7f2e53"
    },
    "ggeffects": {
      "Package": "ggeffects",
      "Version": "1.1.0",
      "Source": "Repository",
      "Repository": "CRAN",
      "Hash": "812769996ec93f6aaa355a5a3e0f1a7f"
    },
    "ggord": {
      "Package": "ggord",
      "Version": "1.1.5",
      "Source": "GitHub",
      "RemoteType": "github",
      "RemoteHost": "api.github.com",
      "RemoteRepo": "ggord",
      "RemoteUsername": "fawda123",
      "RemoteRef": "master",
      "RemoteSha": "6faffc504bae891b2d14eefd41f1803ed6900473",
      "Hash": "0f199eb73dfca242be80dced83c154f0"
    },
    "ggplot2": {
      "Package": "ggplot2",
      "Version": "3.3.1",
      "Source": "Repository",
      "Repository": "CRAN",
      "Hash": "dd6dc5b9ef202cef18c5200d76e1634c"
    },
    "ggpubr": {
      "Package": "ggpubr",
      "Version": "0.3.0",
      "Source": "Repository",
      "Repository": "CRAN",
      "Hash": "f4b724f63931ed1978447de0a4f7f74f"
    },
    "ggrepel": {
      "Package": "ggrepel",
      "Version": "0.8.2",
      "Source": "Repository",
      "Repository": "CRAN",
      "Hash": "c013a50b19695daf04853679e1bc105a"
    },
    "ggsci": {
      "Package": "ggsci",
      "Version": "2.9",
      "Source": "Repository",
      "Repository": "CRAN",
      "Hash": "81ccb8213ed592598210afd10c3a5936"
    },
    "ggsignif": {
      "Package": "ggsignif",
      "Version": "0.6.0",
      "Source": "Repository",
      "Repository": "CRAN",
      "Hash": "3e9b8a51dfdc95395632b25ce3ce8ebc"
    },
    "glmnet": {
      "Package": "glmnet",
      "Version": "4.0-2",
      "Source": "Repository",
      "Repository": "CRAN",
      "Hash": "056100917c75e6f8a0d36f8bdd552799"
    },
    "glue": {
      "Package": "glue",
      "Version": "1.4.1",
      "Source": "Repository",
      "Repository": "CRAN",
      "Hash": "f43e0d5e85ccb0a4045670c0607ee504"
    },
    "gower": {
      "Package": "gower",
      "Version": "0.2.2",
      "Source": "Repository",
      "Repository": "CRAN",
      "Hash": "be6a2b3529928bd803d1c437d1d43152"
    },
    "gridExtra": {
      "Package": "gridExtra",
      "Version": "2.3",
      "Source": "Repository",
      "Repository": "CRAN",
      "Hash": "7d7f283939f563670a697165b2cf5560"
    },
    "gtable": {
      "Package": "gtable",
      "Version": "0.3.0",
      "Source": "Repository",
      "Repository": "CRAN",
      "Hash": "ac5c6baf7822ce8732b343f14c072c4d"
    },
    "haven": {
      "Package": "haven",
      "Version": "2.2.0",
      "Source": "Repository",
      "Repository": "CRAN",
      "Hash": "e3f662e125e9fdffd1ee4e94baea3451"
    },
    "heplots": {
      "Package": "heplots",
      "Version": "1.3-5",
      "Source": "Repository",
      "Repository": "CRAN",
      "Hash": "38cf77bdcf5d307dfc3ae4baa1708c92"
    },
    "highr": {
      "Package": "highr",
      "Version": "0.8",
      "Source": "Repository",
      "Repository": "CRAN",
      "Hash": "4dc5bb88961e347a0f4d8aad597cbfac"
    },
    "hms": {
      "Package": "hms",
      "Version": "0.5.2",
      "Source": "Repository",
      "Repository": "CRAN",
      "Hash": "e8700e1bc2963a77ff8d80f42faa5a46"
    },
    "htmlTable": {
      "Package": "htmlTable",
      "Version": "1.13.2",
      "Source": "Repository",
      "Repository": "CRAN",
      "Hash": "3d46e8618efbfe3410208a5ad466cf31"
    },
    "htmltools": {
      "Package": "htmltools",
      "Version": "0.4.0",
      "Source": "Repository",
      "Repository": "CRAN",
      "Hash": "2d7691222f82f41e93f6d30f169bd5e1"
    },
    "htmlwidgets": {
      "Package": "htmlwidgets",
      "Version": "1.5.1",
      "Source": "Repository",
      "Repository": "CRAN",
      "Hash": "41bace23583fbc25089edae324de2dc3"
    },
    "httr": {
      "Package": "httr",
      "Version": "1.4.2",
      "Source": "Repository",
      "Repository": "CRAN",
      "Hash": "a525aba14184fec243f9eaec62fbed43"
    },
    "insight": {
      "Package": "insight",
      "Version": "0.15.0",
      "Source": "Repository",
      "Repository": "CRAN",
      "Hash": "c114a97acd6ee93c14b22512fa1ed3c5"
    },
    "interactions": {
      "Package": "interactions",
      "Version": "1.1.3",
      "Source": "Repository",
      "Repository": "CRAN",
      "Hash": "16fe7404d1fc49027387118a51250015"
    },
    "ipred": {
      "Package": "ipred",
      "Version": "0.9-9",
      "Source": "Repository",
      "Repository": "CRAN",
      "Hash": "816a7f746179f159f8faa87af730f3c1"
    },
    "isoband": {
      "Package": "isoband",
      "Version": "0.2.1",
      "Source": "Repository",
      "Repository": "CRAN",
      "Hash": "9b2f7cf1899f583a36d367702ecf49a3"
    },
    "iterators": {
      "Package": "iterators",
      "Version": "1.0.12",
      "Source": "Repository",
      "Repository": "CRAN",
      "Hash": "117128f48662573ff4c4e72608b9e202"
    },
    "jpeg": {
      "Package": "jpeg",
      "Version": "0.1-8.1",
      "Source": "Repository",
      "Repository": "CRAN",
      "Hash": "bc316c003aba520fc73d70ad53b5fc36"
    },
    "jsonlite": {
      "Package": "jsonlite",
      "Version": "1.7.2",
      "Source": "Repository",
      "Repository": "CRAN",
      "Hash": "98138e0994d41508c7a6b84a0600cfcb"
    },
    "jtools": {
      "Package": "jtools",
      "Version": "2.1.0",
      "Source": "Repository",
      "Repository": "CRAN",
      "Hash": "5d2fb0872eb5288ffa496480d7003a59"
    },
    "knitr": {
      "Package": "knitr",
      "Version": "1.26",
      "Source": "Repository",
      "Repository": "CRAN",
      "Hash": "a1f86bbc39ae43c6ae183223a52527a1"
    },
    "labeling": {
      "Package": "labeling",
      "Version": "0.3",
      "Source": "Repository",
      "Repository": "CRAN",
      "Hash": "73832978c1de350df58108c745ed0e3e"
    },
    "lattice": {
      "Package": "lattice",
      "Version": "0.20-38",
      "Source": "Repository",
      "Repository": "CRAN",
      "Hash": "848f8c593fd1050371042d18d152e3d7"
    },
    "latticeExtra": {
      "Package": "latticeExtra",
      "Version": "0.6-29",
      "Source": "Repository",
      "Repository": "CRAN",
      "Hash": "590829599d6182cf7461787af34666ee"
    },
    "lava": {
      "Package": "lava",
      "Version": "1.6.7",
      "Source": "Repository",
      "Repository": "CRAN",
      "Hash": "e9a046d514942f36bf8ae2a5e3ded35f"
    },
    "leaps": {
      "Package": "leaps",
      "Version": "3.1",
      "Source": "Repository",
      "Repository": "CRAN",
      "Hash": "e7023edcf59fd695d92eb01a7f37f991"
    },
    "lifecycle": {
      "Package": "lifecycle",
      "Version": "1.0.0",
      "Source": "Repository",
      "Repository": "CRAN",
      "Hash": "3471fb65971f1a7b2d4ae7848cf2db8d"
    },
    "lme4": {
      "Package": "lme4",
      "Version": "1.1-21",
      "Source": "Repository",
      "Repository": "CRAN",
      "Hash": "951b57d6afd25bebada4efee4f4c3478"
    },
    "lmerTest": {
      "Package": "lmerTest",
      "Version": "3.1-0",
      "Source": "Repository",
      "Repository": "CRAN",
      "Hash": "6942920f5a60e1af54552bdff5e9b2d5"
    },
    "lubridate": {
      "Package": "lubridate",
      "Version": "1.7.4",
      "Source": "Repository",
      "Repository": "CRAN",
      "Hash": "796afeea047cda6bdb308d374a33eeb6"
    },
    "magrittr": {
      "Package": "magrittr",
      "Version": "1.5",
      "Source": "Repository",
      "Repository": "CRAN",
      "Hash": "1bb58822a20301cee84a41678e25d9b7"
    },
    "maps": {
      "Package": "maps",
      "Version": "3.3.0",
      "Source": "Repository",
      "Repository": "CRAN",
      "Hash": "392212982257ea03c37b63547dc871b4"
    },
    "maptools": {
      "Package": "maptools",
      "Version": "0.9-8",
      "Source": "Repository",
      "Repository": "CRAN",
      "Hash": "2c90f09b2ea20e8e2fa7f95a8582dbdd"
    },
    "markdown": {
      "Package": "markdown",
      "Version": "1.1",
      "Source": "Repository",
      "Repository": "CRAN",
      "Hash": "61e4a10781dd00d7d81dd06ca9b94e95"
    },
    "mgcv": {
      "Package": "mgcv",
      "Version": "1.8-28",
      "Source": "Repository",
      "Repository": "CRAN",
      "Hash": "aa301a255aac625db12ee1793bd79265"
    },
    "mime": {
      "Package": "mime",
      "Version": "0.7",
      "Source": "Repository",
      "Repository": "CRAN",
      "Hash": "f085cb5d1548336cafa5ee7ec56d7e34"
    },
    "minqa": {
      "Package": "minqa",
      "Version": "1.2.4",
      "Source": "Repository",
      "Repository": "CRAN",
      "Hash": "eaee7d2a6f3ed4491df868611cb064cc"
    },
    "modelr": {
      "Package": "modelr",
      "Version": "0.1.5",
      "Source": "Repository",
      "Repository": "CRAN",
      "Hash": "4d2fe4fcd8a4cab45fcd0479088c4216"
    },
    "munsell": {
      "Package": "munsell",
      "Version": "0.5.0",
      "Source": "Repository",
      "Repository": "CRAN",
      "Hash": "6dfe8bf774944bd5595785e3229d8771"
    },
    "mvtnorm": {
      "Package": "mvtnorm",
      "Version": "1.1-1",
      "Source": "Repository",
      "Repository": "CRAN",
      "Hash": "69fa7331e7410c2a2cb3f9868513904f"
    },
    "nlme": {
      "Package": "nlme",
      "Version": "3.1-140",
      "Source": "Repository",
      "Repository": "CRAN",
      "Hash": "79d4c59449e799385e98e222e5f8f950"
    },
    "nloptr": {
      "Package": "nloptr",
      "Version": "1.2.1",
      "Source": "Repository",
      "Repository": "CRAN",
      "Hash": "123f92613e59e1f5671f80f72363ae60"
    },
    "nnet": {
      "Package": "nnet",
      "Version": "7.3-12",
      "Source": "Repository",
      "Repository": "CRAN",
      "Hash": "68287aec1f476c41d16ce1ace445800c"
    },
    "numDeriv": {
      "Package": "numDeriv",
      "Version": "2016.8-1.1",
      "Source": "Repository",
      "Repository": "CRAN",
      "Hash": "df58958f293b166e4ab885ebcad90e02"
    },
    "openssl": {
      "Package": "openssl",
      "Version": "1.4.1",
      "Source": "Repository",
      "Repository": "CRAN",
      "Hash": "49f7258fd86ebeaea1df24d9ded00478"
    },
    "openxlsx": {
      "Package": "openxlsx",
      "Version": "4.1.3",
      "Source": "Repository",
      "Repository": "CRAN",
      "Hash": "ae28016588efae431f0491ca7fed812e"
    },
    "pROC": {
      "Package": "pROC",
      "Version": "1.16.2",
      "Source": "Repository",
      "Repository": "CRAN",
      "Hash": "285ca01e793958ac6f2c264c84dbb16b"
    },
    "pander": {
      "Package": "pander",
      "Version": "0.6.3",
      "Source": "Repository",
      "Repository": "CRAN",
      "Hash": "121198ce37b5a6b5227edc5a38223da4"
    },
    "patchwork": {
      "Package": "patchwork",
      "Version": "1.1.0.9000",
      "Source": "GitHub",
      "RemoteType": "github",
      "RemoteHost": "api.github.com",
      "RemoteRepo": "patchwork",
      "RemoteUsername": "thomasp85",
      "RemoteRef": "HEAD",
      "RemoteSha": "79223d3002e7bd7e715a270685c6507d684b2622",
      "Hash": "295a56e2fb4b3a9a58919e015fa20905"
    },
    "pbkrtest": {
      "Package": "pbkrtest",
      "Version": "0.4-7",
      "Source": "Repository",
      "Repository": "CRAN",
      "Hash": "e82f00720ce2bf002222c623ca5458c3"
    },
    "permute": {
      "Package": "permute",
      "Version": "0.9-5",
      "Source": "Repository",
      "Repository": "CRAN",
      "Hash": "e367efa1f0d52cb753bdb9163b63f528"
    },
    "pillar": {
      "Package": "pillar",
      "Version": "1.4.4",
      "Source": "Repository",
      "Repository": "CRAN",
      "Hash": "b01d2494d0e2b6b02fae40e1543fbcb0"
    },
    "pkgconfig": {
      "Package": "pkgconfig",
      "Version": "2.0.3",
      "Source": "Repository",
      "Repository": "CRAN",
      "Hash": "01f28d4278f15c76cddbea05899c5d6f"
    },
    "pkgload": {
      "Package": "pkgload",
      "Version": "1.2.1",
      "Source": "Repository",
      "Repository": "CRAN",
      "Hash": "463642747f81879e6752485aefb831cf"
    },
    "plogr": {
      "Package": "plogr",
      "Version": "0.2.0",
      "Source": "Repository",
      "Repository": "CRAN",
      "Hash": "09eb987710984fc2905c7129c7d85e65"
    },
    "plyr": {
      "Package": "plyr",
      "Version": "1.8.6",
      "Source": "Repository",
      "Repository": "CRAN",
      "Hash": "ec0e5ab4e5f851f6ef32cd1d1984957f"
    },
    "png": {
      "Package": "png",
      "Version": "0.1-7",
      "Source": "Repository",
      "Repository": "CRAN",
      "Hash": "03b7076c234cb3331288919983326c55"
    },
    "polynom": {
      "Package": "polynom",
      "Version": "1.4-0",
      "Source": "Repository",
      "Repository": "CRAN",
      "Hash": "c396592ecfe9e75cee1013533efafe34"
    },
    "praise": {
      "Package": "praise",
      "Version": "1.0.0",
      "Source": "Repository",
      "Repository": "CRAN",
      "Hash": "a555924add98c99d2f411e37e7d25e9f"
    },
    "prettyGraphs": {
      "Package": "prettyGraphs",
      "Version": "2.1.6",
      "Source": "Repository",
      "Repository": "CRAN",
      "Hash": "fdcd9a0d2fc2f3b38c836cb433f2f5b2"
    },
    "prettyunits": {
      "Package": "prettyunits",
      "Version": "1.1.1",
      "Source": "Repository",
      "Repository": "CRAN",
      "Hash": "95ef9167b75dde9d2ccc3c7528393e7e"
    },
    "processx": {
      "Package": "processx",
      "Version": "3.5.1",
      "Source": "Repository",
      "Repository": "CRAN",
      "Hash": "5ee87b05936a4aa9d8d026eb1a51314b"
    },
    "prodlim": {
      "Package": "prodlim",
      "Version": "2019.11.13",
      "Source": "Repository",
      "Repository": "CRAN",
      "Hash": "c243bf70db3a6631a0c8783152fb7db9"
    },
    "progress": {
      "Package": "progress",
      "Version": "1.2.2",
      "Source": "Repository",
      "Repository": "CRAN",
      "Hash": "14dc9f7a3c91ebb14ec5bb9208a07061"
    },
    "ps": {
      "Package": "ps",
      "Version": "1.6.0",
      "Source": "Repository",
      "Repository": "CRAN",
      "Hash": "32620e2001c1dce1af49c49dccbb9420"
    },
    "purrr": {
      "Package": "purrr",
      "Version": "0.3.3",
      "Source": "Repository",
      "Repository": "CRAN",
      "Hash": "22aca7d1181718e927d403a8c2d69d62"
    },
    "quantreg": {
      "Package": "quantreg",
      "Version": "5.52",
      "Source": "Repository",
      "Repository": "CRAN",
      "Hash": "8eb881a9cd95de9ef75c6a8dec92b0e8"
    },
    "raster": {
      "Package": "raster",
      "Version": "3.4-5",
      "Source": "Repository",
      "Repository": "CRAN",
      "Hash": "a3ded548110163cf499d63c3932dd499"
    },
    "readr": {
      "Package": "readr",
      "Version": "1.3.1",
      "Source": "Repository",
      "Repository": "CRAN",
      "Hash": "af8ab99cd936773a148963905736907b"
    },
    "readxl": {
      "Package": "readxl",
      "Version": "1.3.1",
      "Source": "Repository",
      "Repository": "CRAN",
      "Hash": "63537c483c2dbec8d9e3183b3735254a"
    },
    "recipes": {
      "Package": "recipes",
      "Version": "0.1.13",
      "Source": "Repository",
      "Repository": "CRAN",
      "Hash": "f3ce68cd2bd38e508cbdcbec44c15d46"
    },
    "rematch": {
      "Package": "rematch",
      "Version": "1.0.1",
      "Source": "Repository",
      "Repository": "CRAN",
      "Hash": "c66b930d20bb6d858cd18e1cebcfae5c"
    },
    "rematch2": {
      "Package": "rematch2",
      "Version": "2.1.2",
      "Source": "Repository",
      "Repository": "CRAN",
      "Hash": "76c9e04c712a05848ae7a23d2f170a40"
    },
    "renv": {
      "Package": "renv",
      "Version": "0.9.3",
      "Source": "Repository",
      "Repository": "CRAN",
      "Hash": "c1a367437d8a8a44bec4b9d4974cb20c"
    },
    "reprex": {
      "Package": "reprex",
      "Version": "0.3.0",
      "Source": "Repository",
      "Repository": "CRAN",
      "Hash": "b06bfb3504cc8a4579fd5567646f745b"
    },
    "reshape2": {
      "Package": "reshape2",
      "Version": "1.4.3",
      "Source": "Repository",
      "Repository": "CRAN",
      "Hash": "15a23ad30f51789188e439599559815c"
    },
    "rio": {
      "Package": "rio",
      "Version": "0.5.16",
      "Source": "Repository",
      "Repository": "CRAN",
      "Hash": "4a9aecbe83639be364de13ffe0671bcf"
    },
    "rlang": {
      "Package": "rlang",
      "Version": "0.4.10",
      "Source": "Repository",
      "Repository": "CRAN",
      "Hash": "599df23c40a4fce9c7b4764f28c37857"
    },
    "rmarkdown": {
      "Package": "rmarkdown",
      "Version": "1.17",
      "Source": "Repository",
      "Repository": "CRAN",
      "Hash": "5a3cfe483ae74b8c0b116ad3540f5200"
    },
    "rpart": {
      "Package": "rpart",
      "Version": "4.1-15",
      "Source": "Repository",
      "Repository": "CRAN",
      "Hash": "9787c1fcb680e655d062e7611cadf78e"
    },
    "rprojroot": {
      "Package": "rprojroot",
      "Version": "1.3-2",
      "Source": "Repository",
      "Repository": "CRAN",
      "Hash": "f6a407ae5dd21f6f80a6708bbb6eb3ae"
    },
    "rstatix": {
      "Package": "rstatix",
      "Version": "0.5.0",
      "Source": "Repository",
      "Repository": "CRAN",
      "Hash": "ea5c0470daf70336ecc28308eba5fe30"
    },
    "rstudioapi": {
      "Package": "rstudioapi",
      "Version": "0.13",
      "Source": "Repository",
      "Repository": "CRAN",
      "Hash": "06c85365a03fdaf699966cc1d3cf53ea"
    },
    "rvest": {
      "Package": "rvest",
      "Version": "0.3.5",
      "Source": "Repository",
      "Repository": "CRAN",
      "Hash": "6a20c2cdf133ebc7ac45888c9ccc052b"
    },
    "rworldmap": {
      "Package": "rworldmap",
      "Version": "1.3-6",
      "Source": "Repository",
      "Repository": "CRAN",
      "Hash": "b34f146159f7c6c4331caff2062cd5e9"
    },
    "rworldxtra": {
      "Package": "rworldxtra",
      "Version": "1.01",
      "Source": "Repository",
      "Repository": "CRAN",
      "Hash": "24daac1f25338bc327cc8241c4388452"
    },
    "sandwich": {
      "Package": "sandwich",
      "Version": "3.0-0",
      "Source": "Repository",
      "Repository": "CRAN",
      "Hash": "10994501b2ed2262168cae1556b29168"
    },
    "scales": {
      "Package": "scales",
      "Version": "1.1.1",
      "Source": "Repository",
      "Repository": "CRAN",
      "Hash": "6f76f71042411426ec8df6c54f34e6dd"
    },
    "scatterplot3d": {
      "Package": "scatterplot3d",
      "Version": "0.3-41",
      "Source": "Repository",
      "Repository": "CRAN",
      "Hash": "0d3e8c286b735517c2df4ed48848e732"
    },
    "selectr": {
      "Package": "selectr",
      "Version": "0.4-2",
      "Source": "Repository",
      "Repository": "CRAN",
      "Hash": "3838071b66e0c566d55cc26bd6e27bf4"
    },
    "sfsmisc": {
      "Package": "sfsmisc",
      "Version": "1.1-7",
      "Source": "Repository",
      "Repository": "CRAN",
      "Hash": "f7d703097e88fb3550b27ed508cd90df"
    },
    "shape": {
      "Package": "shape",
      "Version": "1.4.4",
      "Source": "Repository",
      "Repository": "CRAN",
      "Hash": "ef692f72a633981cad0d4950a5775702"
    },
    "sjlabelled": {
      "Package": "sjlabelled",
      "Version": "1.1.7",
      "Source": "Repository",
      "Repository": "CRAN",
      "Hash": "b60c3daa2a30df836c12a8e903cca595"
    },
    "sp": {
      "Package": "sp",
      "Version": "1.4-5",
      "Source": "Repository",
      "Repository": "CRAN",
      "Hash": "dfd843ee98246cf932823acf613b05dd"
    },
    "spam": {
      "Package": "spam",
      "Version": "2.5-1",
      "Source": "Repository",
      "Repository": "CRAN",
      "Hash": "efe6e43f90ee66c765fdaea2bf2cf7e6"
    },
    "stringi": {
      "Package": "stringi",
      "Version": "1.4.3",
      "Source": "Repository",
      "Repository": "CRAN",
      "Hash": "74a50760af835563fb2c124e66aa134e"
    },
    "stringr": {
      "Package": "stringr",
      "Version": "1.4.0",
      "Source": "Repository",
      "Repository": "CRAN",
      "Hash": "0759e6b6c0957edb1311028a49a35e76"
    },
    "survival": {
      "Package": "survival",
      "Version": "3.1-11",
      "Source": "Repository",
      "Repository": "CRAN",
      "Hash": "39c2135ecd56295df599417e034bb7a6"
    },
    "sys": {
      "Package": "sys",
      "Version": "3.3",
      "Source": "Repository",
      "Repository": "CRAN",
      "Hash": "507f3116a38d37ad330a038b3be07b66"
    },
    "testthat": {
      "Package": "testthat",
      "Version": "3.0.2",
      "Source": "Repository",
      "Repository": "CRAN",
      "Hash": "495e0434d9305716b6a87031570ce109"
    },
    "tibble": {
      "Package": "tibble",
      "Version": "3.0.1",
      "Source": "Repository",
      "Repository": "CRAN",
      "Hash": "1c61e4cad000e03b1bd687db16a75926"
    },
    "tidyr": {
      "Package": "tidyr",
      "Version": "1.0.0",
      "Source": "Repository",
      "Repository": "CRAN",
      "Hash": "8187ca2c27e80978f5b143bec554a437"
    },
    "tidyselect": {
      "Package": "tidyselect",
      "Version": "0.2.5",
      "Source": "Repository",
      "Repository": "CRAN",
      "Hash": "971842fead8ee9e150495a0ede343a98"
    },
    "tidyverse": {
      "Package": "tidyverse",
      "Version": "1.3.0",
      "Source": "Repository",
      "Repository": "CRAN",
      "Hash": "bd51be662f359fa99021f3d51e911490"
    },
    "timeDate": {
      "Package": "timeDate",
      "Version": "3043.102",
      "Source": "Repository",
      "Repository": "CRAN",
      "Hash": "fde4fc571f5f61978652c229d4713845"
    },
    "tinytex": {
      "Package": "tinytex",
      "Version": "0.17",
      "Source": "Repository",
      "Repository": "CRAN",
      "Hash": "9f259855f66a72efd6a49f1689af935b"
    },
    "utf8": {
      "Package": "utf8",
      "Version": "1.1.4",
      "Source": "Repository",
      "Repository": "CRAN",
      "Hash": "4a5081acfb7b81a572e4384a7aaf2af1"
    },
    "vctrs": {
      "Package": "vctrs",
      "Version": "0.3.1",
      "Source": "Repository",
      "Repository": "CRAN",
      "Hash": "1739235995f08583db4095a28c357207"
    },
    "vegan": {
      "Package": "vegan",
      "Version": "2.5-6",
      "Source": "Repository",
      "Repository": "CRAN",
      "Hash": "cad9f1f47c6e710d08c22fb8673360de"
    },
    "viridis": {
      "Package": "viridis",
      "Version": "0.5.1",
      "Source": "Repository",
      "Repository": "CRAN",
      "Hash": "6f6b49e5b3b5ee5a6d0c28bf1b4b9eb3"
    },
    "viridisLite": {
      "Package": "viridisLite",
      "Version": "0.3.0",
      "Source": "Repository",
      "Repository": "CRAN",
      "Hash": "ce4f6271baa94776db692f1cb2055bee"
    },
    "waldo": {
      "Package": "waldo",
      "Version": "0.2.5",
      "Source": "Repository",
      "Repository": "CRAN",
      "Hash": "20c45f1d511a3f730b7b469f4d11e104"
    },
    "wesanderson": {
      "Package": "wesanderson",
      "Version": "0.3.6",
      "Source": "Repository",
      "Repository": "CRAN",
      "Hash": "42f92f1e9ef722355959ec1f7c459636"
    },
    "whisker": {
      "Package": "whisker",
      "Version": "0.4",
      "Source": "Repository",
      "Repository": "CRAN",
      "Hash": "ca970b96d894e90397ed20637a0c1bbe"
    },
    "withr": {
      "Package": "withr",
      "Version": "2.4.1",
      "Source": "Repository",
      "Repository": "CRAN",
      "Hash": "caf4781c674ffa549a4676d2d77b13cc"
    },
    "xfun": {
      "Package": "xfun",
      "Version": "0.11",
      "Source": "Repository",
      "Repository": "CRAN",
      "Hash": "9ec720c772e46177f8a78792939f4bef"
    },
    "xml2": {
      "Package": "xml2",
      "Version": "1.2.2",
      "Source": "Repository",
      "Repository": "CRAN",
      "Hash": "63ad35854e01d8b59ca18095b5145bb7"
    },
    "xtable": {
      "Package": "xtable",
      "Version": "1.8-4",
      "Source": "Repository",
      "Repository": "CRAN",
      "Hash": "b8acdf8af494d9ec19ccb2481a9b11c2"
    },
    "yaml": {
      "Package": "yaml",
      "Version": "2.2.0",
      "Source": "Repository",
      "Repository": "CRAN",
      "Hash": "c78bdf1d16bd4ec7ecc86c6986d53309"
    },
    "zip": {
      "Package": "zip",
      "Version": "2.1.1",
      "Source": "Repository",
      "Repository": "CRAN",
      "Hash": "3bc8405c637d988801ec5ea88372d0c2"
    },
    "zoo": {
      "Package": "zoo",
      "Version": "1.8-9",
      "Source": "Repository",
      "Repository": "CRAN",
      "Hash": "035d1c7c12593038c26fb1c2fd40c4d2"
    }
  }
}
